
Microsoft Visual Studio Solution File, Format Version 12.00
# Visual Studio Version 17
VisualStudioVersion = 17.14.36414.22 d17.14
MinimumVisualStudioVersion = 10.0.40219.1
Project("{FAE04EC0-301F-11D3-BF4B-00C04F79EFBC}") = "Academia2", "Academia2.csproj", "{17728DD6-81C1-4D39-9811-526569C05FFE}"
EndProject
Global
	GlobalSection(SolutionConfigurationPlatforms) = preSolution
		Debug|Any CPU = Debug|Any CPU
		Release|Any CPU = Release|Any CPU
	EndGlobalSection
	GlobalSection(ProjectConfigurationPlatforms) = postSolution
		{17728DD6-81C1-4D39-9811-526569C05FFE}.Debug|Any CPU.ActiveCfg = Debug|Any CPU
		{17728DD6-81C1-4D39-9811-526569C05FFE}.Debug|Any CPU.Build.0 = Debug|Any CPU
		{17728DD6-81C1-4D39-9811-526569C05FFE}.Release|Any CPU.ActiveCfg = Release|Any CPU
		{17728DD6-81C1-4D39-9811-526569C05FFE}.Release|Any CPU.Build.0 = Release|Any CPU
	EndGlobalSection
	GlobalSection(SolutionProperties) = preSolution
		HideSolutionNode = FALSE
	EndGlobalSection
	GlobalSection(ExtensibilityGlobals) = postSolution
		SolutionGuid = {557223DD-3C4F-4CF3-A01B-E7535F25D633}
	EndGlobalSection
EndGlobal
